
Microsoft Visual Studio Solution File, Format Version 12.00
# Visual Studio 15
VisualStudioVersion = 15.0.27004.2008
MinimumVisualStudioVersion = 10.0.40219.1
Project("{9A19103F-16F7-4668-BE54-9A1E7A4F7556}") = "OsOEasy", "Mastodon\OsOEasy.csproj", "{503ECDBF-417B-4762-A339-62E6FA84DBA0}"
EndProject
Project("{9A19103F-16F7-4668-BE54-9A1E7A4F7556}") = "OsOEasy_API", "Mastodon_API\OsOEasy_API.csproj", "{523A3FAE-7287-43AE-8F85-55188B7DFE91}"
EndProject
Project("{2150E333-8FDC-42A3-9474-1A3956D46DE8}") = "TestWebsites", "TestWebsites", "{4D14A079-FC4D-4506-9498-E286C28B1B35}"
	ProjectSection(SolutionItems) = preProject
		TestWebsites\HowTo.txt = TestWebsites\HowTo.txt
	EndProjectSection
EndProject
Project("{2150E333-8FDC-42A3-9474-1A3956D46DE8}") = "BasicSite1", "BasicSite1", "{6499CA03-1636-4C33-9832-55511EBA5D47}"
	ProjectSection(SolutionItems) = preProject
		TestWebsites\BasicSite1\BasicSite1.html = TestWebsites\BasicSite1\BasicSite1.html
		TestWebsites\BasicSite1\BasicSite1.js = TestWebsites\BasicSite1\BasicSite1.js
	EndProjectSection
EndProject
Project("{9A19103F-16F7-4668-BE54-9A1E7A4F7556}") = "OsOEasy_API_Tests", "Mastodon_API_Tests\OsOEasy_API_Tests.csproj", "{2B9B359A-E369-4B71-A6C8-502F3B48CD94}"
EndProject
Global
	GlobalSection(SolutionConfigurationPlatforms) = preSolution
		Debug|Any CPU = Debug|Any CPU
		Debug|x64 = Debug|x64
		Release|Any CPU = Release|Any CPU
		Release|x64 = Release|x64
	EndGlobalSection
	GlobalSection(ProjectConfigurationPlatforms) = postSolution
		{503ECDBF-417B-4762-A339-62E6FA84DBA0}.Debug|Any CPU.ActiveCfg = Debug|Any CPU
		{503ECDBF-417B-4762-A339-62E6FA84DBA0}.Debug|Any CPU.Build.0 = Debug|Any CPU
		{503ECDBF-417B-4762-A339-62E6FA84DBA0}.Debug|x64.ActiveCfg = Debug|x64
		{503ECDBF-417B-4762-A339-62E6FA84DBA0}.Debug|x64.Build.0 = Debug|x64
		{503ECDBF-417B-4762-A339-62E6FA84DBA0}.Release|Any CPU.ActiveCfg = Release|Any CPU
		{503ECDBF-417B-4762-A339-62E6FA84DBA0}.Release|Any CPU.Build.0 = Release|Any CPU
		{503ECDBF-417B-4762-A339-62E6FA84DBA0}.Release|x64.ActiveCfg = Release|x64
		{503ECDBF-417B-4762-A339-62E6FA84DBA0}.Release|x64.Build.0 = Release|x64
		{523A3FAE-7287-43AE-8F85-55188B7DFE91}.Debug|Any CPU.ActiveCfg = Debug|Any CPU
		{523A3FAE-7287-43AE-8F85-55188B7DFE91}.Debug|Any CPU.Build.0 = Debug|Any CPU
		{523A3FAE-7287-43AE-8F85-55188B7DFE91}.Debug|x64.ActiveCfg = Debug|Any CPU
		{523A3FAE-7287-43AE-8F85-55188B7DFE91}.Debug|x64.Build.0 = Debug|Any CPU
		{523A3FAE-7287-43AE-8F85-55188B7DFE91}.Release|Any CPU.ActiveCfg = Release|Any CPU
		{523A3FAE-7287-43AE-8F85-55188B7DFE91}.Release|Any CPU.Build.0 = Release|Any CPU
		{523A3FAE-7287-43AE-8F85-55188B7DFE91}.Release|x64.ActiveCfg = Release|Any CPU
		{523A3FAE-7287-43AE-8F85-55188B7DFE91}.Release|x64.Build.0 = Release|Any CPU
		{2B9B359A-E369-4B71-A6C8-502F3B48CD94}.Debug|Any CPU.ActiveCfg = Debug|Any CPU
		{2B9B359A-E369-4B71-A6C8-502F3B48CD94}.Debug|Any CPU.Build.0 = Debug|Any CPU
		{2B9B359A-E369-4B71-A6C8-502F3B48CD94}.Debug|x64.ActiveCfg = Debug|Any CPU
		{2B9B359A-E369-4B71-A6C8-502F3B48CD94}.Debug|x64.Build.0 = Debug|Any CPU
		{2B9B359A-E369-4B71-A6C8-502F3B48CD94}.Release|Any CPU.ActiveCfg = Release|Any CPU
		{2B9B359A-E369-4B71-A6C8-502F3B48CD94}.Release|Any CPU.Build.0 = Release|Any CPU
		{2B9B359A-E369-4B71-A6C8-502F3B48CD94}.Release|x64.ActiveCfg = Release|Any CPU
		{2B9B359A-E369-4B71-A6C8-502F3B48CD94}.Release|x64.Build.0 = Release|Any CPU
	EndGlobalSection
	GlobalSection(SolutionProperties) = preSolution
		HideSolutionNode = FALSE
	EndGlobalSection
	GlobalSection(NestedProjects) = preSolution
		{6499CA03-1636-4C33-9832-55511EBA5D47} = {4D14A079-FC4D-4506-9498-E286C28B1B35}
	EndGlobalSection
	GlobalSection(ExtensibilityGlobals) = postSolution
		SolutionGuid = {5977BAB9-1ADD-4BE1-B78A-0076A4D5A4FF}
	EndGlobalSection
EndGlobal
